
Microsoft Visual Studio Solution File, Format Version 12.00
# Visual Studio Version 16
VisualStudioVersion = 16.0.31205.134
MinimumVisualStudioVersion = 10.0.40219.1
Project("{FAE04EC0-301F-11D3-BF4B-00C04F79EFBC}") = "MahMetroSample", "MahMetroSample\MahMetroSample.csproj", "{7F9DB9BA-699A-4E36-B1A0-85789476D91C}"
EndProject
Global
	GlobalSection(SolutionConfigurationPlatforms) = preSolution
		Debug|Any CPU = Debug|Any CPU
		Release|Any CPU = Release|Any CPU
	EndGlobalSection
	GlobalSection(ProjectConfigurationPlatforms) = postSolution
		{7F9DB9BA-699A-4E36-B1A0-85789476D91C}.Debug|Any CPU.ActiveCfg = Debug|Any CPU
		{7F9DB9BA-699A-4E36-B1A0-85789476D91C}.Debug|Any CPU.Build.0 = Debug|Any CPU
		{7F9DB9BA-699A-4E36-B1A0-85789476D91C}.Release|Any CPU.ActiveCfg = Release|Any CPU
		{7F9DB9BA-699A-4E36-B1A0-85789476D91C}.Release|Any CPU.Build.0 = Release|Any CPU
	EndGlobalSection
	GlobalSection(SolutionProperties) = preSolution
		HideSolutionNode = FALSE
	EndGlobalSection
	GlobalSection(ExtensibilityGlobals) = postSolution
		SolutionGuid = {D9AF49CC-D8AD-406D-BC6A-1A6664216966}
	EndGlobalSection
EndGlobal
